{
    "_meta": {
        "hash": {
            "sha256": "dd4e7b8db45d9ef622cef292f072508dd652c7593fb632e62b0d7514485dd3f4"
        },
        "pipfile-spec": 6,
        "requires": {
            "python_version": "3.9"
        },
        "sources": [
            {
                "name": "pypi",
                "url": "https://pypi.org/simple",
                "verify_ssl": true
            }
        ]
    },
    "default": {
        "asgiref": {
            "hashes": [
                "sha256:71e68008da809b957b7ee4b43dbccff33d1b23519fb8344e33f049897077afac",
                "sha256:9567dfe7bd8d3c8c892227827c41cce860b368104c3431da67a0c5a65a949506"
            ],
            "markers": "python_version >= '3.7'",
            "version": "==3.6.0"
        },
        "brotli": {
            "hashes": [
                "sha256:12effe280b8ebfd389022aa65114e30407540ccb89b177d3fbc9a4f177c4bd5d",
                "sha256:160c78292e98d21e73a4cc7f76a234390e516afcd982fa17e1422f7c6a9ce9c8",
                "sha256:16d528a45c2e1909c2798f27f7bf0a3feec1dc9e50948e738b961618e38b6a7b",
                "sha256:19598ecddd8a212aedb1ffa15763dd52a388518c4550e615aed88dc3753c0f0c",
                "sha256:1c48472a6ba3b113452355b9af0a60da5c2ae60477f8feda8346f8fd48e3e87c",
                "sha256:268fe94547ba25b58ebc724680609c8ee3e5a843202e9a381f6f9c5e8bdb5c70",
                "sha256:269a5743a393c65db46a7bb982644c67ecba4b8d91b392403ad8a861ba6f495f",
                "sha256:26d168aac4aaec9a4394221240e8a5436b5634adc3cd1cdf637f6645cecbf181",
                "sha256:29d1d350178e5225397e28ea1b7aca3648fcbab546d20e7475805437bfb0a130",
                "sha256:2aad0e0baa04517741c9bb5b07586c642302e5fb3e75319cb62087bd0995ab19",
                "sha256:3496fc835370da351d37cada4cf744039616a6db7d13c430035e901443a34daa",
                "sha256:35a3edbe18e876e596553c4007a087f8bcfd538f19bc116917b3c7522fca0429",
                "sha256:3b78a24b5fd13c03ee2b7b86290ed20efdc95da75a3557cc06811764d5ad1126",
                "sha256:40d15c79f42e0a2c72892bf407979febd9cf91f36f495ffb333d1d04cebb34e4",
                "sha256:44bb8ff420c1d19d91d79d8c3574b8954288bdff0273bf788954064d260d7ab0",
                "sha256:4688c1e42968ba52e57d8670ad2306fe92e0169c6f3af0089be75bbac0c64a3b",
                "sha256:495ba7e49c2db22b046a53b469bbecea802efce200dffb69b93dd47397edc9b6",
                "sha256:4d1b810aa0ed773f81dceda2cc7b403d01057458730e309856356d4ef4188438",
                "sha256:503fa6af7da9f4b5780bb7e4cbe0c639b010f12be85d02c99452825dd0feef3f",
                "sha256:56d027eace784738457437df7331965473f2c0da2c70e1a1f6fdbae5402e0389",
                "sha256:5913a1177fc36e30fcf6dc868ce23b0453952c78c04c266d3149b3d39e1410d6",
                "sha256:5b6ef7d9f9c38292df3690fe3e302b5b530999fa90014853dcd0d6902fb59f26",
                "sha256:5cb1e18167792d7d21e21365d7650b72d5081ed476123ff7b8cac7f45189c0c7",
                "sha256:61a7ee1f13ab913897dac7da44a73c6d44d48a4adff42a5701e3239791c96e14",
                "sha256:622a231b08899c864eb87e85f81c75e7b9ce05b001e59bbfbf43d4a71f5f32b2",
                "sha256:68715970f16b6e92c574c30747c95cf8cf62804569647386ff032195dc89a430",
                "sha256:6b2ae9f5f67f89aade1fab0f7fd8f2832501311c363a21579d02defa844d9296",
                "sha256:6c772d6c0a79ac0f414a9f8947cc407e119b8598de7621f39cacadae3cf57d12",
                "sha256:6d847b14f7ea89f6ad3c9e3901d1bc4835f6b390a9c71df999b0162d9bb1e20f",
                "sha256:76ffebb907bec09ff511bb3acc077695e2c32bc2142819491579a695f77ffd4d",
                "sha256:7bbff90b63328013e1e8cb50650ae0b9bac54ffb4be6104378490193cd60f85a",
                "sha256:7cb81373984cc0e4682f31bc3d6be9026006d96eecd07ea49aafb06897746452",
                "sha256:7ee83d3e3a024a9618e5be64648d6d11c37047ac48adff25f12fa4226cf23d1c",
                "sha256:854c33dad5ba0fbd6ab69185fec8dab89e13cda6b7d191ba111987df74f38761",
                "sha256:85f7912459c67eaab2fb854ed2bc1cc25772b300545fe7ed2dc03954da638649",
                "sha256:87fdccbb6bb589095f413b1e05734ba492c962b4a45a13ff3408fa44ffe6479b",
                "sha256:88c63a1b55f352b02c6ffd24b15ead9fc0e8bf781dbe070213039324922a2eea",
                "sha256:8a674ac10e0a87b683f4fa2b6fa41090edfd686a6524bd8dedbd6138b309175c",
                "sha256:93130612b837103e15ac3f9cbacb4613f9e348b58b3aad53721d92e57f96d46a",
                "sha256:9744a863b489c79a73aba014df554b0e7a0fc44ef3f8a0ef2a52919c7d155031",
                "sha256:9749a124280a0ada4187a6cfd1ffd35c350fb3af79c706589d98e088c5044267",
                "sha256:97f715cf371b16ac88b8c19da00029804e20e25f30d80203417255d239f228b5",
                "sha256:9bf919756d25e4114ace16a8ce91eb340eb57a08e2c6950c3cebcbe3dff2a5e7",
                "sha256:9d12cf2851759b8de8ca5fde36a59c08210a97ffca0eb94c532ce7b17c6a3d1d",
                "sha256:9ed4c92a0665002ff8ea852353aeb60d9141eb04109e88928026d3c8a9e5433c",
                "sha256:a72661af47119a80d82fa583b554095308d6a4c356b2a554fdc2799bc19f2a43",
                "sha256:afde17ae04d90fbe53afb628f7f2d4ca022797aa093e809de5c3cf276f61bbfa",
                "sha256:b336c5e9cf03c7be40c47b5fd694c43c9f1358a80ba384a21969e0b4e66a9b17",
                "sha256:b663f1e02de5d0573610756398e44c130add0eb9a3fc912a09665332942a2efb",
                "sha256:b83bb06a0192cccf1eb8d0a28672a1b79c74c3a8a5f2619625aeb6f28b3a82bb",
                "sha256:c2415d9d082152460f2bd4e382a1e85aed233abc92db5a3880da2257dc7daf7b",
                "sha256:c83aa123d56f2e060644427a882a36b3c12db93727ad7a7b9efd7d7f3e9cc2c4",
                "sha256:cfc391f4429ee0a9370aa93d812a52e1fee0f37a81861f4fdd1f4fb28e8547c3",
                "sha256:db844eb158a87ccab83e868a762ea8024ae27337fc7ddcbfcddd157f841fdfe7",
                "sha256:defed7ea5f218a9f2336301e6fd379f55c655bea65ba2476346340a0ce6f74a1",
                "sha256:e16eb9541f3dd1a3e92b89005e37b1257b157b7256df0e36bd7b33b50be73bcb",
                "sha256:e23281b9a08ec338469268f98f194658abfb13658ee98e2b7f85ee9dd06caa91",
                "sha256:e2d9e1cbc1b25e22000328702b014227737756f4b5bf5c485ac1d8091ada078b",
                "sha256:e48f4234f2469ed012a98f4b7874e7f7e173c167bed4934912a29e03167cf6b1",
                "sha256:e4c4e92c14a57c9bd4cb4be678c25369bf7a092d55fd0866f759e425b9660806",
                "sha256:ec1947eabbaf8e0531e8e899fc1d9876c179fc518989461f5d24e2223395a9e3",
                "sha256:f909bbbc433048b499cb9db9e713b5d8d949e8c109a2a548502fb9aa8630f0b1"
            ],
            "index": "pypi",
            "version": "==1.0.9"
        },
        "certifi": {
            "hashes": [
                "sha256:35824b4c3a97115964b408844d64aa14db1cc518f6562e8d7261699d1350a9e3",
                "sha256:4ad3232f5e926d6718ec31cfc1fcadfde020920e278684144551c91769c7bc18"
            ],
            "index": "pypi",
            "version": "==2022.12.7"
        },
        "charset-normalizer": {
            "hashes": [
                "sha256:2842d8f5e82a1f6aa437380934d5e1cd4fcf2003b06fed6940769c164a480a45",
                "sha256:98398a9d69ee80548c762ba991a4728bfc3836768ed226b3945908d1a688371c"
            ],
            "index": "pypi",
            "version": "==2.0.11"
        },
        "defusedxml": {
            "hashes": [
                "sha256:1bb3032db185915b62d7c6209c5a8792be6a32ab2fedacc84e01b52c51aa3e69",
                "sha256:a352e7e428770286cc899e2542b6cdaedb2b4953ff269a210103ec58f6198a61"
            ],
            "markers": "python_version >= '2.7' and python_version not in '3.0, 3.1, 3.2, 3.3, 3.4'",
            "version": "==0.7.1"
        },
        "dj-database-url": {
            "hashes": [
                "sha256:4aeaeb1f573c74835b0686a2b46b85990571159ffc21aa57ecd4d1e1cb334163",
                "sha256:851785365761ebe4994a921b433062309eb882fedd318e1b0fcecc607ed02da9"
            ],
            "index": "pypi",
            "version": "==0.5.0"
        },
        "django": {
            "hashes": [
                "sha256:031365bae96814da19c10706218c44dff3b654cc4de20a98bd2d29b9bde469f0",
                "sha256:21cc991466245d659ab79cb01204f9515690f8dae00e5eabde307f14d24d4d7d"
            ],
            "index": "pypi",
            "version": "==3.2.19"
        },
        "django-allauth": {
            "hashes": [
                "sha256:f17209410b7f87da0a84639fd79d3771b596a6d3fc1a8e48ce50dabc7f441d30"
            ],
            "index": "pypi",
            "version": "==0.42.0"
        },
        "django-crispy-forms": {
            "hashes": [
                "sha256:888bb316db89b60050a42ec35080facb361d823eec38010ccb0702f45642d3b8",
                "sha256:f2f1e0fbb458851636447cfb6be1a611b40c8ac9e41a74ba923011378670b43b"
            ],
            "index": "pypi",
            "version": "==1.9.2"
        },
        "django-health-check": {
            "hashes": [
                "sha256:2667b89b8f85ad9b2a24c90581b376016d22ea912fedf37f9866413a3c2e0a5d",
                "sha256:894738bd7e461b2405c005927403ad5ee8048bbaf5934cf30b2c81a4e047d4b0"
            ],
            "index": "pypi",
            "version": "==3.12.3"
        },
        "django-oidc-provider": {
            "hashes": [
                "sha256:3fa50d35ce614a68cde704606dbff86d8535a7679871ce3ec30100b28f3af50d"
            ],
            "index": "pypi",
            "version": "==0.7.0"
        },
        "future": {
            "hashes": [
                "sha256:34a17436ed1e96697a86f9de3d15a3b0be01d8bc8de9c1dffd59fb8234ed5307"
            ],
            "index": "pypi",
            "version": "==0.18.3"
        },
        "gunicorn": {
            "hashes": [
                "sha256:1904bb2b8a43658807108d59c3f3d56c2b6121a701161de0ddf9ad140073c626",
                "sha256:cd4a810dd51bf497552cf3f863b575dabd73d6ad6a91075b65936b151cbf4f9c"
            ],
            "index": "pypi",
            "version": "==20.0.4"
        },
        "hvac": {
            "hashes": [
                "sha256:0c616f29d6642adaabcd408a04469374ed83be12b24501bb337e8f37badfef22",
                "sha256:31b1884546e88c1fe0d6a827c464b9544ac186e06e01e45d16fe3e7275dd0e0f"
            ],
            "index": "pypi",
            "version": "==0.10.14"
        },
        "idna": {
            "hashes": [
                "sha256:814f528e8dead7d329833b91c5faa87d60bf71824cd12a7530b5526063d02cb4",
                "sha256:90b77e79eaa3eba6de819a0c442c0b4ceefc341a7a2ab77d7562bf49f425c5c2"
            ],
            "markers": "python_version >= '3.5'",
            "version": "==3.4"
        },
        "oauthlib": {
            "hashes": [
                "sha256:8139f29aac13e25d502680e9e19963e83f16838d48a0d71c287fe40e7067fbca",
                "sha256:9859c40929662bec5d64f34d01c99e093149682a3f38915dc0655d5a633dd918"
            ],
            "index": "pypi",
            "version": "==3.2.2"
        },
        "psycopg2": {
            "hashes": [
                "sha256:00195b5f6832dbf2876b8bf77f12bdce648224c89c880719c745b90515233301",
                "sha256:068115e13c70dc5982dfc00c5d70437fe37c014c808acce119b5448361c03725",
                "sha256:26e7fd115a6db75267b325de0fba089b911a4a12ebd3d0b5e7acb7028bc46821",
                "sha256:2c93d4d16933fea5bbacbe1aaf8fa8c1348740b2e50b3735d1b0bf8154cbf0f3",
                "sha256:56007a226b8e95aa980ada7abdea6b40b75ce62a433bd27cec7a8178d57f4051",
                "sha256:56fee7f818d032f802b8eed81ef0c1232b8b42390df189cab9cfa87573fe52c5",
                "sha256:6a3d9efb6f36f1fe6aa8dbb5af55e067db802502c55a9defa47c5a1dad41df84",
                "sha256:a49833abfdede8985ba3f3ec641f771cca215479f41523e99dace96d5b8cce2a",
                "sha256:ad2fe8a37be669082e61fb001c185ffb58867fdbb3e7a6b0b0d2ffe232353a3e",
                "sha256:b8cae8b2f022efa1f011cc753adb9cbadfa5a184431d09b273fb49b4167561ad",
                "sha256:d160744652e81c80627a909a0e808f3c6653a40af435744de037e3172cf277f5",
                "sha256:d5062ae50b222da28253059880a871dc87e099c25cb68acf613d9d227413d6f7",
                "sha256:f22ea9b67aea4f4a1718300908a2fb62b3e4276cf00bd829a97ab5894af42ea3",
                "sha256:f974c96fca34ae9e4f49839ba6b78addf0346777b46c4da27a7bf54f48d3057d",
                "sha256:fb23f6c71107c37fd667cb4ea363ddeb936b348bbd6449278eb92c189699f543"
            ],
            "index": "pypi",
            "version": "==2.8.6"
        },
        "pycryptodomex": {
            "hashes": [
                "sha256:1ca8e1b4c62038bb2da55451385246f51f412c5f5eabd64812c01766a5989b4a",
                "sha256:298c00ea41a81a491d5b244d295d18369e5aac4b61b77b2de5b249ca61cd6659",
                "sha256:2aa887683eee493e015545bd69d3d21ac8d5ad582674ec98f4af84511e353e45",
                "sha256:2ce76ed0081fd6ac8c74edc75b9d14eca2064173af79843c24fa62573263c1f2",
                "sha256:3da13c2535b7aea94cc2a6d1b1b37746814c74b6e80790daddd55ca5c120a489",
                "sha256:406ec8cfe0c098fadb18d597dc2ee6de4428d640c0ccafa453f3d9b2e58d29e2",
                "sha256:4d0db8df9ffae36f416897ad184608d9d7a8c2b46c4612c6bc759b26c073f750",
                "sha256:530756d2faa40af4c1f74123e1d889bd07feae45bac2fd32f259a35f7aa74151",
                "sha256:77931df40bb5ce5e13f4de2bfc982b2ddc0198971fbd947776c8bb5050896eb2",
                "sha256:797a36bd1f69df9e2798e33edb4bd04e5a30478efc08f9428c087f17f65a7045",
                "sha256:8085bd0ad2034352eee4d4f3e2da985c2749cb7344b939f4d95ead38c2520859",
                "sha256:8536bc08d130cae6dcba1ea689f2913dfd332d06113904d171f2f56da6228e89",
                "sha256:a4d412eba5679ede84b41dbe48b1bed8f33131ab9db06c238a235334733acc5e",
                "sha256:aebecde2adc4a6847094d3bd6a8a9538ef3438a5ea84ac1983fcb167db614461",
                "sha256:b276cc4deb4a80f9dfd47a41ebb464b1fe91efd8b1b8620cf5ccf8b824b850d6",
                "sha256:b5a185ae79f899b01ca49f365bdf15a45d78d9856f09b0de1a41b92afce1a07f",
                "sha256:c4d8977ccda886d88dc3ca789de2f1adc714df912ff3934b3d0a3f3d777deafb",
                "sha256:c5dd3ffa663c982d7f1be9eb494a8924f6d40e2e2f7d1d27384cfab1b2ac0662",
                "sha256:ca88f2f7020002638276439a01ffbb0355634907d1aa5ca91f3dc0c2e44e8f3b",
                "sha256:d2cce1c82a7845d7e2e8a0956c6b7ed3f1661c9acf18eb120fc71e098ab5c6fe",
                "sha256:d709572d64825d8d59ea112e11cc7faf6007f294e9951324b7574af4251e4de8",
                "sha256:da8db8374295fb532b4b0c467e66800ef17d100e4d5faa2bbbd6df35502da125",
                "sha256:e36c7e3b5382cd5669cf199c4a04a0279a43b2a3bdd77627e9b89778ac9ec08c",
                "sha256:e95a4a6c54d27a84a4624d2af8bb9ee178111604653194ca6880c98dcad92f48",
                "sha256:ee835def05622e0c8b1435a906491760a43d0c462f065ec9143ec4b8d79f8bff",
                "sha256:f75009715dcf4a3d680c2338ab19dac5498f8121173a929872950f4fb3a48fbf",
                "sha256:f8524b8bc89470cec7ac51734907818d3620fb1637f8f8b542d650ebec42a126"
            ],
            "index": "pypi",
            "version": "==3.14.1"
        },
        "pyjwkest": {
            "hashes": [
                "sha256:5560fd5ba08655f29ff6ad1df1e15dc05abc9d976fcbcec8d2b5167f49b70222"
            ],
            "version": "==1.4.2"
        },
        "python3-openid": {
            "hashes": [
                "sha256:33fbf6928f401e0b790151ed2b5290b02545e8775f982485205a066f874aaeaf",
                "sha256:6626f771e0417486701e0b4daff762e7212e820ca5b29fcc0d05f6f8736dfa6b"
            ],
            "version": "==3.2.0"
        },
        "pytz": {
            "hashes": [
                "sha256:1d8ce29db189191fb55338ee6d0387d82ab59f3d00eac103412d64e0ebd0c588",
                "sha256:a151b3abb88eda1d4e34a9814df37de2a80e301e68ba0fd856fb9b46bfbbbffb"
            ],
            "version": "==2023.3"
        },
        "requests": {
            "hashes": [
                "sha256:10e94cc4f3121ee6da529d358cdaeaff2f1c409cd377dbc72b825852f2f7e294",
                "sha256:239d7d4458afcb28a692cdd298d87542235f4ca8d36d03a15bfc128a6559a2f4"
            ],
            "markers": "python_version >= '3.7'",
            "version": "==2.30.0"
        },
        "requests-oauthlib": {
            "hashes": [
                "sha256:2577c501a2fb8d05a304c09d090d6e47c306fef15809d102b327cf8364bddab5",
                "sha256:75beac4a47881eeb94d5ea5d6ad31ef88856affe2332b9aafb52c6452ccf0d7a"
            ],
            "index": "pypi",
            "version": "==1.3.1"
        },
        "setuptools": {
            "hashes": [
                "sha256:d0b9a8433464d5800cbe05094acf5c6d52a91bfac9b52bcfc4d41382be5d5d31",
                "sha256:e197a19aa8ec9722928f2206f8de752def0e4c9fc6953527360d1c36d94ddb2f"
            ],
            "index": "pypi",
            "version": "==65.5.1"
        },
        "six": {
            "hashes": [
                "sha256:1e61c37477a1626458e36f7b1d82aa5c9b094fa4802892072e49de9c60c4c926",
                "sha256:8abb2f1d86890a2dfb989f9a77cfcfd3e47c2a354b01111771326f8aa26e0254"
            ],
            "markers": "python_version >= '2.7' and python_version not in '3.0, 3.1, 3.2, 3.3'",
            "version": "==1.16.0"
        },
        "sqlparse": {
            "hashes": [
                "sha256:5430a4fe2ac7d0f93e66f1efc6e1338a41884b7ddf2a350cedd20ccc4d9d28f3",
                "sha256:d446183e84b8349fa3061f0fe7f06ca94ba65b426946ffebe6e3e8295332420c"
            ],
            "index": "pypi",
            "version": "==0.4.4"
        },
        "urllib3": {
            "hashes": [
                "sha256:61717a1095d7e155cdb737ac7bb2f4324a858a1e2e6466f6d03ff630ca68d3cc",
                "sha256:d055c2f9d38dc53c808f6fdc8eab7360b6fdbbde02340ed25cfbcd817c62469e"
            ],
            "markers": "python_version >= '3.7'",
            "version": "==2.0.2"
        },
        "whitenoise": {
            "hashes": [
                "sha256:60154b976a13901414a25b0273a841145f77eb34a141f9ae032a0ace3e4d5b27",
                "sha256:6dd26bfda3af29177d8ab7333a0c7b7642eb615ce83764f4d15a9aecda3201c4"
            ],
            "index": "pypi",
            "version": "==5.1.0"
        }
    },
    "develop": {}
}
